{
    "_readme": [
        "This file locks the dependencies of your project to a known state",
        "Read more about it at https://getcomposer.org/doc/01-basic-usage.md#composer-lock-the-lock-file",
        "This file is @generated automatically"
    ],
    "content-hash": "9a047aa7742e4408d61cf961f6ce78e0",
    "packages": [
        {
            "name": "phore/di-base",
            "version": "v2.1.1",
            "source": {
                "type": "git",
                "url": "https://github.com/phore/phore-di-base.git",
                "reference": "fef0410bef4d3db8a4c586e85f3c6d6bec830a1b"
            },
            "dist": {
                "type": "zip",
                "url": "https://api.github.com/repos/phore/phore-di-base/zipball/fef0410bef4d3db8a4c586e85f3c6d6bec830a1b",
                "reference": "fef0410bef4d3db8a4c586e85f3c6d6bec830a1b",
                "shasum": ""
            },
            "require": {
                "php": ">=7.0",
                "psr/container": "^1.0"
            },
            "require-dev": {
                "phpunit/phpunit": "*"
            },
            "type": "library",
            "extra": {
                "branch-alias": {
                    "dev-master": "0.1-dev"
                }
            },
            "autoload": {
                "psr-4": {
                    "Phore\\Di\\": "src/Di"
                }
            },
            "notification-url": "https://packagist.org/downloads/",
            "license": [
                "MIT"
            ],
            "authors": [
                {
                    "name": "Matthias Leuffen",
                    "email": "matthes@leuffen.de"
                }
            ],
            "description": "Dependency Injection Base Classes and Interfaces",
            "homepage": "https://getgismo.com",
            "keywords": [
                "Phore",
                "dependency injection",
                "di"
            ],
            "time": "2018-07-10T05:48:13+00:00"
        },
        {
            "name": "phore/micro-app",
            "version": "dev-master",
            "source": {
                "type": "git",
                "url": "https://github.com/phore/phore-micro-app.git",
                "reference": "cacfc9280a38e6047d3c1ef3b5d3815799aba553"
            },
            "dist": {
                "type": "zip",
                "url": "https://api.github.com/repos/phore/phore-micro-app/zipball/cacfc9280a38e6047d3c1ef3b5d3815799aba553",
                "reference": "cacfc9280a38e6047d3c1ef3b5d3815799aba553",
                "shasum": ""
            },
            "require": {
                "ext-json": "*",
                "ext-yaml": "*",
                "phore/di-base": "^2.1",
                "php": ">7.1"
            },
            "require-dev": {
                "phore/theme-coreui": "dev-master"
            },
            "type": "library",
            "autoload": {
                "psr-4": {
                    "Phore\\MicroApp\\": "src/"
                },
                "files": [
                    "src/functions.php"
                ]
            },
            "notification-url": "https://packagist.org/downloads/",
            "license": [
                "MIT"
            ],
            "authors": [
                {
                    "name": "Matthias Leuffen",
                    "email": "leuffen@continue.de"
                }
            ],
            "description": "Micro framework for rest api webservices",
            "time": "2018-08-01T15:35:18+00:00"
        },
        {
            "name": "phore/system",
            "version": "dev-master",
            "source": {
                "type": "git",
                "url": "https://github.com/phore/phore-system.git",
                "reference": "d68117299e16e78378e49647aba89ac0ae626d41"
            },
            "dist": {
                "type": "zip",
                "url": "https://api.github.com/repos/phore/phore-system/zipball/d68117299e16e78378e49647aba89ac0ae626d41",
                "reference": "d68117299e16e78378e49647aba89ac0ae626d41",
                "shasum": ""
            },
            "require": {
                "php": ">7.1"
            },
            "type": "library",
            "autoload": {
                "psr-4": {
                    "Phore\\System\\": "src/"
                },
                "files": [
                    "src/functions.php"
                ]
            },
            "notification-url": "https://packagist.org/downloads/",
            "license": [
                "MIT"
            ],
            "authors": [
                {
                    "name": "Matthias Leuffen",
                    "email": "leuffen@continue.de"
                }
            ],
            "time": "2018-07-18T14:11:42+00:00"
        },
        {
            "name": "psr/container",
            "version": "dev-master",
            "source": {
                "type": "git",
                "url": "https://github.com/php-fig/container.git",
                "reference": "2cc4a01788191489dc7459446ba832fa79a216a7"
            },
            "dist": {
                "type": "zip",
                "url": "https://api.github.com/repos/php-fig/container/zipball/2cc4a01788191489dc7459446ba832fa79a216a7",
                "reference": "2cc4a01788191489dc7459446ba832fa79a216a7",
                "shasum": ""
            },
            "require": {
                "php": ">=5.3.0"
            },
            "type": "library",
            "extra": {
                "branch-alias": {
                    "dev-master": "1.0.x-dev"
                }
            },
            "autoload": {
                "psr-4": {
                    "Psr\\Container\\": "src/"
                }
            },
            "notification-url": "https://packagist.org/downloads/",
            "license": [
                "MIT"
            ],
            "authors": [
                {
                    "name": "PHP-FIG",
                    "homepage": "http://www.php-fig.org/"
                }
            ],
            "description": "Common Container Interface (PHP FIG PSR-11)",
            "homepage": "https://github.com/php-fig/container",
            "keywords": [
                "PSR-11",
                "container",
                "container-interface",
                "container-interop",
                "psr"
            ],
            "time": "2017-06-28T15:35:32+00:00"
        }
    ],
    "packages-dev": [],
    "aliases": [],
    "minimum-stability": "dev",
    "stability-flags": {
        "phore/system": 20,
        "phore/micro-app": 20
    },
    "prefer-stable": false,
    "prefer-lowest": false,
    "platform": {
        "php": ">=7.1"
    },
    "platform-dev": []
}
