{
    "_readme": [
        "This file locks the dependencies of your project to a known state",
        "Read more about it at https://getcomposer.org/doc/01-basic-usage.md#composer-lock-the-lock-file",
        "This file is @generated automatically"
    ],
    "content-hash": "d57c066af0d0773b37493faa7edf7741",
    "packages": [
        {
            "name": "phore/di-base",
            "version": "v2.1.1",
            "source": {
                "type": "git",
                "url": "https://github.com/phore/phore-di-base.git",
                "reference": "fef0410bef4d3db8a4c586e85f3c6d6bec830a1b"
            },
            "dist": {
                "type": "zip",
                "url": "https://api.github.com/repos/phore/phore-di-base/zipball/fef0410bef4d3db8a4c586e85f3c6d6bec830a1b",
                "reference": "fef0410bef4d3db8a4c586e85f3c6d6bec830a1b",
                "shasum": ""
            },
            "require": {
                "php": ">=7.0",
                "psr/container": "^1.0"
            },
            "require-dev": {
                "phpunit/phpunit": "*"
            },
            "type": "library",
            "extra": {
                "branch-alias": {
                    "dev-master": "0.1-dev"
                }
            },
            "autoload": {
                "psr-4": {
                    "Phore\\Di\\": "src/Di"
                }
            },
            "notification-url": "https://packagist.org/downloads/",
            "license": [
                "MIT"
            ],
            "authors": [
                {
                    "name": "Matthias Leuffen",
                    "email": "matthes@leuffen.de"
                }
            ],
            "description": "Dependency Injection Base Classes and Interfaces",
            "homepage": "https://getgismo.com",
            "keywords": [
                "Phore",
                "dependency injection",
                "di"
            ],
            "time": "2018-07-10T05:48:13+00:00"
        },
        {
            "name": "phore/html",
            "version": "v0.1.2",
            "source": {
                "type": "git",
                "url": "https://github.com/phore/phore-html.git",
                "reference": "4068e674a248b5036b2ebc9d3ff345f1384dbfc9"
            },
            "dist": {
                "type": "zip",
                "url": "https://api.github.com/repos/phore/phore-html/zipball/4068e674a248b5036b2ebc9d3ff345f1384dbfc9",
                "reference": "4068e674a248b5036b2ebc9d3ff345f1384dbfc9",
                "shasum": ""
            },
            "require": {
                "ext-pcre": "*",
                "php": ">7.0"
            },
            "require-dev": {
                "erusev/parsedown-extra": "^0.7.1",
                "phpunit/phpunit": "*",
                "psr/http-message": "^1.0"
            },
            "suggest": {
                "erusev/parsedown-extra": "required to use markdown() methods"
            },
            "type": "library",
            "autoload": {
                "psr-4": {
                    "Phore\\Html\\": "src/"
                },
                "files": [
                    "src/functions.inc.php"
                ]
            },
            "notification-url": "https://packagist.org/downloads/",
            "license": [
                "MIT"
            ],
            "authors": [
                {
                    "name": "Matthias Leuffen",
                    "email": "leuffen@continue.de"
                }
            ],
            "time": "2018-11-26T09:56:01+00:00"
        },
        {
            "name": "phore/http-client",
            "version": "dev-master",
            "source": {
                "type": "git",
                "url": "https://github.com/phore/phore-http-client.git",
                "reference": "fe3db26450083e0f236e245f0d034d0b298dc5ff"
            },
            "dist": {
                "type": "zip",
                "url": "https://api.github.com/repos/phore/phore-http-client/zipball/fe3db26450083e0f236e245f0d034d0b298dc5ff",
                "reference": "fe3db26450083e0f236e245f0d034d0b298dc5ff",
                "shasum": ""
            },
            "require": {
                "ext-curl": "*",
                "ext-http": "*",
                "ext-json": "*",
                "php": ">=7.1"
            },
            "require-dev": {
                "phore/cache": "*",
                "phore/objectstore": "*",
                "phpunit/phpunit": "*"
            },
            "type": "library",
            "autoload": {
                "psr-4": {
                    "Phore\\HttpClient\\": "src/"
                },
                "files": [
                    "src/functions.php"
                ]
            },
            "notification-url": "https://packagist.org/downloads/",
            "license": [
                "MIT"
            ],
            "authors": [
                {
                    "name": "Matthias Leuffen",
                    "email": "m@tth.es"
                }
            ],
            "description": "Http client library for fast api access",
            "keywords": [
                "Keyword1",
                "Keyword2"
            ],
            "time": "2019-03-06T20:12:12+00:00"
        },
        {
            "name": "phore/micro-app",
            "version": "dev-master",
            "source": {
                "type": "git",
                "url": "https://github.com/phore/phore-micro-app.git",
                "reference": "b9fcf0dde1827b0debc54701b7718d44a45d3eb3"
            },
            "dist": {
                "type": "zip",
                "url": "https://api.github.com/repos/phore/phore-micro-app/zipball/b9fcf0dde1827b0debc54701b7718d44a45d3eb3",
                "reference": "b9fcf0dde1827b0debc54701b7718d44a45d3eb3",
                "shasum": ""
            },
            "require": {
                "ext-json": "*",
                "ext-yaml": "*",
                "phore/di-base": "^2.1",
                "php": ">7.1"
            },
            "require-dev": {
                "phore/theme-coreui": "dev-master"
            },
            "type": "library",
            "autoload": {
                "psr-4": {
                    "Phore\\MicroApp\\": "src/"
                },
                "files": [
                    "src/functions.php"
                ]
            },
            "notification-url": "https://packagist.org/downloads/",
            "license": [
                "MIT"
            ],
            "authors": [
                {
                    "name": "Matthias Leuffen",
                    "email": "leuffen@continue.de"
                }
            ],
            "description": "Micro framework for rest api webservices",
            "time": "2019-02-13T11:50:36+00:00"
        },
        {
            "name": "phore/system",
            "version": "dev-master",
            "source": {
                "type": "git",
                "url": "https://github.com/phore/phore-system.git",
                "reference": "0bbebdb512542c4271851834716ddc8a4eea624b"
            },
            "dist": {
                "type": "zip",
                "url": "https://api.github.com/repos/phore/phore-system/zipball/0bbebdb512542c4271851834716ddc8a4eea624b",
                "reference": "0bbebdb512542c4271851834716ddc8a4eea624b",
                "shasum": ""
            },
            "require": {
                "php": ">7.1"
            },
            "type": "library",
            "autoload": {
                "psr-4": {
                    "Phore\\System\\": "src/"
                },
                "files": [
                    "src/functions.php"
                ]
            },
            "notification-url": "https://packagist.org/downloads/",
            "license": [
                "MIT"
            ],
            "authors": [
                {
                    "name": "Matthias Leuffen",
                    "email": "leuffen@continue.de"
                }
            ],
            "time": "2018-08-09T16:29:31+00:00"
        },
        {
            "name": "phore/theme-bootstrap",
            "version": "v0.1.1",
            "source": {
                "type": "git",
                "url": "https://github.com/phore/phore-theme-bootstrap.git",
                "reference": "1c485c8f0e01c1fef57ca3bb7b688e089d62ab94"
            },
            "dist": {
                "type": "zip",
                "url": "https://api.github.com/repos/phore/phore-theme-bootstrap/zipball/1c485c8f0e01c1fef57ca3bb7b688e089d62ab94",
                "reference": "1c485c8f0e01c1fef57ca3bb7b688e089d62ab94",
                "shasum": ""
            },
            "require": {
                "phore/html": "^0.1",
                "php": ">7.0"
            },
            "require-dev": {
                "phore/micro-app": "dev-master"
            },
            "type": "library",
            "autoload": {
                "psr-4": {
                    "Phore\\Theme\\Bootstrap\\": "src/"
                },
                "files": []
            },
            "notification-url": "https://packagist.org/downloads/",
            "license": [
                "MIT"
            ],
            "authors": [
                {
                    "name": "Matthias Leuffen",
                    "email": "leuffen@continue.de"
                }
            ],
            "time": "2018-11-28T16:53:44+00:00"
        },
        {
            "name": "psr/container",
            "version": "dev-master",
            "source": {
                "type": "git",
                "url": "https://github.com/php-fig/container.git",
                "reference": "014d250daebff39eba15ba990eeb2a140798e77c"
            },
            "dist": {
                "type": "zip",
                "url": "https://api.github.com/repos/php-fig/container/zipball/014d250daebff39eba15ba990eeb2a140798e77c",
                "reference": "014d250daebff39eba15ba990eeb2a140798e77c",
                "shasum": ""
            },
            "require": {
                "php": ">=5.3.0"
            },
            "type": "library",
            "extra": {
                "branch-alias": {
                    "dev-master": "1.0.x-dev"
                }
            },
            "autoload": {
                "psr-4": {
                    "Psr\\Container\\": "src/"
                }
            },
            "notification-url": "https://packagist.org/downloads/",
            "license": [
                "MIT"
            ],
            "authors": [
                {
                    "name": "PHP-FIG",
                    "homepage": "http://www.php-fig.org/"
                }
            ],
            "description": "Common Container Interface (PHP FIG PSR-11)",
            "homepage": "https://github.com/php-fig/container",
            "keywords": [
                "PSR-11",
                "container",
                "container-interface",
                "container-interop",
                "psr"
            ],
            "time": "2018-12-29T15:36:03+00:00"
        }
    ],
    "packages-dev": [],
    "aliases": [],
    "minimum-stability": "dev",
    "stability-flags": {
        "phore/system": 20,
        "phore/micro-app": 20,
        "phore/http-client": 20
    },
    "prefer-stable": false,
    "prefer-lowest": false,
    "platform": {
        "php": ">=7.1",
        "ext-yaml": "*",
        "ext-json": "*"
    },
    "platform-dev": []
}
